
Microsoft Visual Studio Solution File, Format Version 12.00
# Visual Studio Version 17
VisualStudioVersion = 17.8.34408.163
MinimumVisualStudioVersion = 10.0.40219.1
Project("{9A19103F-16F7-4668-BE54-9A1E7A4F7556}") = "BlazorTestApp", "BlazorTestApp\BlazorTestApp.csproj", "{D22C4631-88A5-4C2E-90B4-5E9074F65315}"
EndProject
Project("{FAE04EC0-301F-11D3-BF4B-00C04F79EFBC}") = "WeatherServices", "WeatherServices\WeatherServices.csproj", "{95852D15-C6A0-42E7-B20A-0DBE9836E0EE}"
EndProject
Global
	GlobalSection(SolutionConfigurationPlatforms) = preSolution
		Debug|Any CPU = Debug|Any CPU
		Release|Any CPU = Release|Any CPU
	EndGlobalSection
	GlobalSection(ProjectConfigurationPlatforms) = postSolution
		{D22C4631-88A5-4C2E-90B4-5E9074F65315}.Debug|Any CPU.ActiveCfg = Debug|Any CPU
		{D22C4631-88A5-4C2E-90B4-5E9074F65315}.Debug|Any CPU.Build.0 = Debug|Any CPU
		{D22C4631-88A5-4C2E-90B4-5E9074F65315}.Release|Any CPU.ActiveCfg = Release|Any CPU
		{D22C4631-88A5-4C2E-90B4-5E9074F65315}.Release|Any CPU.Build.0 = Release|Any CPU
		{95852D15-C6A0-42E7-B20A-0DBE9836E0EE}.Debug|Any CPU.ActiveCfg = Debug|Any CPU
		{95852D15-C6A0-42E7-B20A-0DBE9836E0EE}.Debug|Any CPU.Build.0 = Debug|Any CPU
		{95852D15-C6A0-42E7-B20A-0DBE9836E0EE}.Release|Any CPU.ActiveCfg = Release|Any CPU
		{95852D15-C6A0-42E7-B20A-0DBE9836E0EE}.Release|Any CPU.Build.0 = Release|Any CPU
	EndGlobalSection
	GlobalSection(SolutionProperties) = preSolution
		HideSolutionNode = FALSE
	EndGlobalSection
	GlobalSection(ExtensibilityGlobals) = postSolution
		SolutionGuid = {6B297D7B-7799-4C6E-ACFD-A30B40A47778}
	EndGlobalSection
EndGlobal
